version = 1
revision = 3
requires-python = ">=3.6"
resolution-markers = [
    "python_full_version >= '3.10'",
    "python_full_version == '3.9.*'",
    "python_full_version == '3.8.*'",
    "python_full_version == '3.7.*'",
    "python_full_version < '3.7'",
]

[[package]]
name = "email-automation-sc"
version = "1.0.1"
source = { editable = "." }
dependencies = [
    { name = "python-dotenv", version = "0.20.0", source = { registry = "https://pypi.org/simple" }, marker = "python_full_version < '3.7'" },
    { name = "python-dotenv", version = "0.21.1", source = { registry = "https://pypi.org/simple" }, marker = "python_full_version == '3.7.*'" },
    { name = "python-dotenv", version = "1.0.1", source = { registry = "https://pypi.org/simple" }, marker = "python_full_version == '3.8.*'" },
    { name = "python-dotenv", version = "1.2.1", source = { registry = "https://pypi.org/simple" }, marker = "python_full_version == '3.9.*'" },
    { name = "python-dotenv", version = "1.2.3", source = { registry = "https://pypi.org/simple" }, marker = "python_full_version >= '3.10'" },
]

[package.metadata]
requires-dist = [{ name = "python-dotenv" }]

[[package]]
name = "python-dotenv"
version = "0.20.0"
source = { registry = "https://pypi.org/simple" }
resolution-markers = [
    "python_full_version < '3.7'",
]
sdist = { url = "https://files.pythonhosted.org/packages/02/ee/43e1c862a3e7259a1f264958eaea144f0a2fac9f175c1659c674c34ea506/python-dotenv-0.20.0.tar.gz", hash = "sha256:b7e3b04a59693c42c36f9ab1cc2acc46fa5df8c78e178fc33a8d4cd05c8d498f", size = 32069, upload-time = "2022-03-24T21:32:37.509Z" }
wheels = [
    { url = "https://files.pythonhosted.org/packages/30/5f/2e5c564bd86349fe6b82ca840f46acf6f4bb76d79ba9057fce3d3e008864/python_dotenv-0.20.0-py3-none-any.whl", hash = "sha256:d92a187be61fe482e4fd675b6d52200e7be63a12b724abbf931a40ce4fa92938", size = 17840, upload-time = "2022-03-24T21:32:35.896Z" },
]

[[package]]
name = "python-dotenv"
version = "0.21.1"
source = { registry = "https://pypi.org/simple" }
resolution-markers = [
    "python_full_version == '3.7.*'",
]
sdist = { url = "https://files.pythonhosted.org/packages/f5/d7/d548e0d5a68b328a8d69af833a861be415a17cb15ce3d8f0cd850073d2e1/python-dotenv-0.21.1.tar.gz", hash = "sha256:1c93de8f636cde3ce377292818d0e440b6e45a82f215c3744979151fa8151c49", size = 35930, upload-time = "2023-01-21T10:22:47.277Z" }
wheels = [
    { url = "https://files.pythonhosted.org/packages/64/62/f19d1e9023aacb47241de3ab5a5d5fedf32c78a71a9e365bb2153378c141/python_dotenv-0.21.1-py3-none-any.whl", hash = "sha256:41e12e0318bebc859fcc4d97d4db8d20ad21721a6aa5047dd59f090391cb549a", size = 19284, upload-time = "2023-01-21T10:22:45.958Z" },
]

[[package]]
name = "python-dotenv"
version = "1.0.1"
source = { registry = "https://pypi.org/simple" }
resolution-markers = [
    "python_full_version == '3.8.*'",
]
sdist = { url = "https://files.pythonhosted.org/packages/bc/57/e84d88dfe0aec03b7a2d4327012c1627ab5f03652216c63d49846d7a6c58/python-dotenv-1.0.1.tar.gz", hash = "sha256:e324ee90a023d808f1959c46bcbc04446a10ced277783dc6ee09987c37ec10ca", size = 39115, upload-time = "2024-01-23T06:33:00.505Z" }
wheels = [
    { url = "https://files.pythonhosted.org/packages/6a/3e/b68c118422ec867fa7ab88444e1274aa40681c606d59ac27de5a5588f082/python_dotenv-1.0.1-py3-none-any.whl", hash = "sha256:f7b63ef50f1b690dddf550d03497b66d609393b40b564ed0d674909a68ebf16a", size = 19863, upload-time = "2024-01-23T06:32:58.246Z" },
]

[[package]]
name = "python-dotenv"
version = "1.2.1"
source = { registry = "https://pypi.org/simple" }
resolution-markers = [
    "python_full_version == '3.9.*'",
]
sdist = { url = "https://files.pythonhosted.org/packages/f0/26/19cadc79a718c5edbec86fd4919a6b6d3f681039a2f6d66d14be94e75fb9/python_dotenv-1.2.1.tar.gz", hash = "sha256:42667e897e16ab0d66954af0e60a9caa94f0fd4ecf3aaf6d2d260eec1aa36ad6", size = 44221, upload-time = "2025-10-26T15:12:10.434Z" }
wheels = [
    { url = "https://files.pythonhosted.org/packages/14/1b/a298b06749107c305e1fe0f814c6c74aea7b2f1e10989cb30f544a1b3253/python_dotenv-1.2.1-py3-none-any.whl", hash = "sha256:b81ee9561e9ca4004139c6cbba3a238c32b03e4894671e181b671e8cb8425d61", size = 21230, upload-time = "2025-10-26T15:12:09.109Z" },
]

[[package]]
name = "python-dotenv"
version = "1.2.3"
source = { registry = "https://pypi.org/simple" }
resolution-markers = [
    "python_full_version >= '3.10'",
]
sdist = { url = "https://files.pythonhosted.org/packages/6a/53/ed9d74092561d4b01a2ef1349d52cdbc135e526c245f366b089cfca6de49/python_dotenv-1.2.3.tar.gz", hash = "sha256:a20a594dabeaa385725aa239d5244871c143ecb356add8a20fcf23773a6c3a35", size = 58945, upload-time = "2026-08-16T16:54:54.067Z" }
wheels = [
    { url = "https://files.pythonhosted.org/packages/0d/17/c5c6b53ddc18f297992099b3d9ec16c855c0ccc83263a21fe4d1c625ec6c/python_dotenv-1.2.3-py3-none-any.whl", hash = "sha256:904552145e8bfed22162c09dab1c2b9b54fefa7b23ba780f4f26ca0316b0f0d9", size = 22780, upload-time = "2026-08-16T16:54:52.473Z" },
]
